
Microsoft Visual Studio Solution File, Format Version 12.00
# Visual Studio 15
VisualStudioVersion = 15.0.28307.902
MinimumVisualStudioVersion = 10.0.40219.1
Project("{E24C65DC-7377-472B-9ABA-BC803B73C61A}") = "MyProyectNet", "MyProyectNet\", "{27A78B4A-EC6E-4353-B1B2-9D0AD9BAFB2C}"
	ProjectSection(WebsiteProperties) = preProject
		TargetFrameworkMoniker = ".NETFramework,Version%3Dv4.6.1"
		Debug.AspNetCompiler.VirtualPath = "/localhost_2624"
		Debug.AspNetCompiler.PhysicalPath = "MyProyectNet\"
		Debug.AspNetCompiler.TargetPath = "PrecompiledWeb\localhost_2624\"
		Debug.AspNetCompiler.Updateable = "true"
		Debug.AspNetCompiler.ForceOverwrite = "true"
		Debug.AspNetCompiler.FixedNames = "false"
		Debug.AspNetCompiler.Debug = "True"
		Release.AspNetCompiler.VirtualPath = "/localhost_2624"
		Release.AspNetCompiler.PhysicalPath = "MyProyectNet\"
		Release.AspNetCompiler.TargetPath = "PrecompiledWeb\localhost_2624\"
		Release.AspNetCompiler.Updateable = "true"
		Release.AspNetCompiler.ForceOverwrite = "true"
		Release.AspNetCompiler.FixedNames = "false"
		Release.AspNetCompiler.Debug = "False"
		VWDPort = "2624"
		SlnRelativePath = "MyProyectNet\"
		DefaultWebSiteLanguage = "Visual C#"
	EndProjectSection
EndProject
Global
	GlobalSection(SolutionConfigurationPlatforms) = preSolution
		Debug|Any CPU = Debug|Any CPU
	EndGlobalSection
	GlobalSection(ProjectConfigurationPlatforms) = postSolution
		{27A78B4A-EC6E-4353-B1B2-9D0AD9BAFB2C}.Debug|Any CPU.ActiveCfg = Debug|Any CPU
		{27A78B4A-EC6E-4353-B1B2-9D0AD9BAFB2C}.Debug|Any CPU.Build.0 = Debug|Any CPU
	EndGlobalSection
	GlobalSection(SolutionProperties) = preSolution
		HideSolutionNode = FALSE
	EndGlobalSection
	GlobalSection(ExtensibilityGlobals) = postSolution
		SolutionGuid = {E195CA2E-FEE7-4C79-98B4-4530911D4F71}
	EndGlobalSection
EndGlobal
